{
  "version": "5",
  "specifiers": {
    "jsr:@std/assert@*": "1.0.19",
    "jsr:@std/internal@^1.0.12": "1.0.13"
  },
  "jsr": {
    "@std/assert@1.0.19": {
      "integrity": "eaada96ee120cb980bc47e040f82814d786fe8162ecc53c91d8df60b8755991e",
      "dependencies": [
        "jsr:@std/internal"
      ]
    },
    "@std/internal@1.0.13": {
      "integrity": "2f9546691d4ac2d32859c82dff284aaeac980ddeca38430d07941e7e288725c0"
    }
  },
  "workspace": {
    "packageJson": {
      "dependencies": [
        "npm:@eslint/js@^9.11.1",
        "npm:@hookform/resolvers@^3.9.0",
        "npm:@playwright/test@^1.47.2",
        "npm:@supabase/supabase-js@^2.45.4",
        "npm:@testing-library/jest-dom@^6.5.0",
        "npm:@testing-library/react@^16.0.1",
        "npm:@testing-library/user-event@^14.5.2",
        "npm:@types/node@^22.7.4",
        "npm:@types/react-dom@^18.3.0",
        "npm:@types/react@^18.3.10",
        "npm:@vitejs/plugin-react@^4.3.1",
        "npm:autoprefixer@^10.4.20",
        "npm:class-variance-authority@0.7",
        "npm:clsx@^2.1.1",
        "npm:dompurify@^3.1.7",
        "npm:eslint-plugin-react-hooks@^5.1.0-rc.0",
        "npm:eslint-plugin-react-refresh@~0.4.12",
        "npm:eslint@^9.11.1",
        "npm:husky@^9.1.7",
        "npm:jsdom@^25.0.1",
        "npm:lint-staged@^16.4.0",
        "npm:postcss@^8.4.47",
        "npm:prettier-plugin-tailwindcss@~0.6.8",
        "npm:prettier@^3.3.3",
        "npm:react-dom@^18.3.1",
        "npm:react-hook-form@^7.53.0",
        "npm:react-router-dom@^6.26.2",
        "npm:react@^18.3.1",
        "npm:tailwind-merge@^2.5.2",
        "npm:tailwindcss@^3.4.13",
        "npm:typescript-eslint@^8.7.0",
        "npm:typescript@^5.6.2",
        "npm:vite@^5.4.8",
        "npm:vitest@^2.1.1",
        "npm:zod@^3.23.8"
      ]
    }
  }
}
